
Microsoft Visual Studio Solution File, Format Version 12.00
# Visual Studio Version 17
VisualStudioVersion = 17.5.33502.453
MinimumVisualStudioVersion = 10.0.40219.1
Project("{FAE04EC0-301F-11D3-BF4B-00C04F79EFBC}") = "MicroserviceDuendeTemplate.Identity", "MicroserviceDuendeTemplate.Identity\MicroserviceDuendeTemplate.Identity.csproj", "{62764DCC-EF8B-48F8-92F8-FC3F3B47C905}"
EndProject
Project("{FAE04EC0-301F-11D3-BF4B-00C04F79EFBC}") = "MicroserviceDuendeTemplate.DAL", "MicroserviceDuendeTemplate.DAL\MicroserviceDuendeTemplate.DAL.csproj", "{EF21F4FA-4156-4720-BE10-A81933A69C83}"
EndProject
Project("{FAE04EC0-301F-11D3-BF4B-00C04F79EFBC}") = "Brueder.Architecture.Base", "..\..\..\Architecture.Lib\Brueder.Architecture\Brueder.Architecture.Base\Brueder.Architecture.Base.csproj", "{8085853D-71F5-490A-84A1-7F64CA02E59D}"
EndProject
Global
	GlobalSection(SolutionConfigurationPlatforms) = preSolution
		Debug|Any CPU = Debug|Any CPU
		Release|Any CPU = Release|Any CPU
	EndGlobalSection
	GlobalSection(ProjectConfigurationPlatforms) = postSolution
		{62764DCC-EF8B-48F8-92F8-FC3F3B47C905}.Debug|Any CPU.ActiveCfg = Debug|Any CPU
		{62764DCC-EF8B-48F8-92F8-FC3F3B47C905}.Debug|Any CPU.Build.0 = Debug|Any CPU
		{62764DCC-EF8B-48F8-92F8-FC3F3B47C905}.Release|Any CPU.ActiveCfg = Release|Any CPU
		{62764DCC-EF8B-48F8-92F8-FC3F3B47C905}.Release|Any CPU.Build.0 = Release|Any CPU
		{EF21F4FA-4156-4720-BE10-A81933A69C83}.Debug|Any CPU.ActiveCfg = Debug|Any CPU
		{EF21F4FA-4156-4720-BE10-A81933A69C83}.Debug|Any CPU.Build.0 = Debug|Any CPU
		{EF21F4FA-4156-4720-BE10-A81933A69C83}.Release|Any CPU.ActiveCfg = Release|Any CPU
		{EF21F4FA-4156-4720-BE10-A81933A69C83}.Release|Any CPU.Build.0 = Release|Any CPU
		{8085853D-71F5-490A-84A1-7F64CA02E59D}.Debug|Any CPU.ActiveCfg = Debug|Any CPU
		{8085853D-71F5-490A-84A1-7F64CA02E59D}.Debug|Any CPU.Build.0 = Debug|Any CPU
		{8085853D-71F5-490A-84A1-7F64CA02E59D}.Release|Any CPU.ActiveCfg = Release|Any CPU
		{8085853D-71F5-490A-84A1-7F64CA02E59D}.Release|Any CPU.Build.0 = Release|Any CPU
	EndGlobalSection
	GlobalSection(SolutionProperties) = preSolution
		HideSolutionNode = FALSE
	EndGlobalSection
	GlobalSection(ExtensibilityGlobals) = postSolution
		SolutionGuid = {A6CFDA0F-85FC-41C2-9F33-683FF560617B}
	EndGlobalSection
EndGlobal
